// !$*UTF8*$!
{
	archiveVersion = 1;
	classes = {
	};
	objectVersion = 55;
	objects = {

/* Begin PBXBuildFile section */
		724EED022712F4AE00C33DA8 /* Assets.xcassets in Resources */ = {isa = PBXBuildFile; fileRef = 724EED012712F4AE00C33DA8 /* Assets.xcassets */; };
		724EED082712F4AE00C33DA8 /* DoINeedUmbrella WatchKit Extension.appex in Embed App Extensions */ = {isa = PBXBuildFile; fileRef = 724EED072712F4AE00C33DA8 /* DoINeedUmbrella WatchKit Extension.appex */; settings = {ATTRIBUTES = (RemoveHeadersOnCopy, ); }; };
		724EED0D2712F4AE00C33DA8 /* ContentView.swift in Sources */ = {isa = PBXBuildFile; fileRef = 724EED0C2712F4AE00C33DA8 /* ContentView.swift */; };
		724EED0F2712F4AE00C33DA8 /* Clima_StartingKitApp.swift in Sources */ = {isa = PBXBuildFile; fileRef = 724EED0E2712F4AE00C33DA8 /* Clima_StartingKitApp.swift */; };
		724EED112712F4AE00C33DA8 /* ComplicationController.swift in Sources */ = {isa = PBXBuildFile; fileRef = 724EED102712F4AE00C33DA8 /* ComplicationController.swift */; };
		724EED132712F4AF00C33DA8 /* Assets.xcassets in Resources */ = {isa = PBXBuildFile; fileRef = 724EED122712F4AF00C33DA8 /* Assets.xcassets */; };
		724EED162712F4AF00C33DA8 /* Preview Assets.xcassets in Resources */ = {isa = PBXBuildFile; fileRef = 724EED152712F4AF00C33DA8 /* Preview Assets.xcassets */; };
		724EED1A2712F4AF00C33DA8 /* DoINeedUmbrella.app in Embed Watch Content */ = {isa = PBXBuildFile; fileRef = 724EECFF2712F4AC00C33DA8 /* DoINeedUmbrella.app */; settings = {ATTRIBUTES = (RemoveHeadersOnCopy, ); }; };
		D0517AD226F752A200E4D2F9 /* Clima_StartingKitApp.swift in Sources */ = {isa = PBXBuildFile; fileRef = D0517AD126F752A200E4D2F9 /* Clima_StartingKitApp.swift */; };
		D0517AD426F752A200E4D2F9 /* WeatherView.swift in Sources */ = {isa = PBXBuildFile; fileRef = D0517AD326F752A200E4D2F9 /* WeatherView.swift */; };
		D0517AD626F752A400E4D2F9 /* Assets.xcassets in Resources */ = {isa = PBXBuildFile; fileRef = D0517AD526F752A400E4D2F9 /* Assets.xcassets */; };
		D0517AD926F752A400E4D2F9 /* Preview Assets.xcassets in Resources */ = {isa = PBXBuildFile; fileRef = D0517AD826F752A400E4D2F9 /* Preview Assets.xcassets */; };
		D0517AE426F752F700E4D2F9 /* Endpoint.swift in Sources */ = {isa = PBXBuildFile; fileRef = D0517AE326F752F700E4D2F9 /* Endpoint.swift */; };
		D0517AE626F7560E00E4D2F9 /* WeatherData.swift in Sources */ = {isa = PBXBuildFile; fileRef = D0517AE526F7560E00E4D2F9 /* WeatherData.swift */; };
		D0517AE826F759B100E4D2F9 /* WeatherCondition.swift in Sources */ = {isa = PBXBuildFile; fileRef = D0517AE726F759B100E4D2F9 /* WeatherCondition.swift */; };
		D0517AEA26F75A6E00E4D2F9 /* DataService.swift in Sources */ = {isa = PBXBuildFile; fileRef = D0517AE926F75A6E00E4D2F9 /* DataService.swift */; };
		D0517AEC26F75D9E00E4D2F9 /* NetworkError.swift in Sources */ = {isa = PBXBuildFile; fileRef = D0517AEB26F75D9E00E4D2F9 /* NetworkError.swift */; };
		D0517AEE26F7674D00E4D2F9 /* WeatherViewModel.swift in Sources */ = {isa = PBXBuildFile; fileRef = D0517AED26F7674D00E4D2F9 /* WeatherViewModel.swift */; };
/* End PBXBuildFile section */

/* Begin PBXContainerItemProxy section */
		724EED092712F4AE00C33DA8 /* PBXContainerItemProxy */ = {
			isa = PBXContainerItemProxy;
			containerPortal = D0517AC626F752A200E4D2F9 /* Project object */;
			proxyType = 1;
			remoteGlobalIDString = 724EED062712F4AE00C33DA8;
			remoteInfo = "DoINeedUmbrella WatchKit Extension";
		};
		724EED182712F4AF00C33DA8 /* PBXContainerItemProxy */ = {
			isa = PBXContainerItemProxy;
			containerPortal = D0517AC626F752A200E4D2F9 /* Project object */;
			proxyType = 1;
			remoteGlobalIDString = 724EECFE2712F4AC00C33DA8;
			remoteInfo = DoINeedUmbrella;
		};
/* End PBXContainerItemProxy section */

/* Begin PBXCopyFilesBuildPhase section */
		724EED1B2712F4AF00C33DA8 /* Embed Watch Content */ = {
			isa = PBXCopyFilesBuildPhase;
			buildActionMask = 2147483647;
			dstPath = "$(CONTENTS_FOLDER_PATH)/Watch";
			dstSubfolderSpec = 16;
			files = (
				724EED1A2712F4AF00C33DA8 /* DoINeedUmbrella.app in Embed Watch Content */,
			);
			name = "Embed Watch Content";
			runOnlyForDeploymentPostprocessing = 0;
		};
		724EED1E2712F4AF00C33DA8 /* Embed App Extensions */ = {
			isa = PBXCopyFilesBuildPhase;
			buildActionMask = 2147483647;
			dstPath = "";
			dstSubfolderSpec = 13;
			files = (
				724EED082712F4AE00C33DA8 /* DoINeedUmbrella WatchKit Extension.appex in Embed App Extensions */,
			);
			name = "Embed App Extensions";
			runOnlyForDeploymentPostprocessing = 0;
		};
/* End PBXCopyFilesBuildPhase section */

/* Begin PBXFileReference section */
		724EECFF2712F4AC00C33DA8 /* DoINeedUmbrella.app */ = {isa = PBXFileReference; explicitFileType = wrapper.application; includeInIndex = 0; path = DoINeedUmbrella.app; sourceTree = BUILT_PRODUCTS_DIR; };
		724EED012712F4AE00C33DA8 /* Assets.xcassets */ = {isa = PBXFileReference; lastKnownFileType = folder.assetcatalog; path = Assets.xcassets; sourceTree = "<group>"; };
		724EED072712F4AE00C33DA8 /* DoINeedUmbrella WatchKit Extension.appex */ = {isa = PBXFileReference; explicitFileType = "wrapper.app-extension"; includeInIndex = 0; path = "DoINeedUmbrella WatchKit Extension.appex"; sourceTree = BUILT_PRODUCTS_DIR; };
		724EED0C2712F4AE00C33DA8 /* ContentView.swift */ = {isa = PBXFileReference; lastKnownFileType = sourcecode.swift; path = ContentView.swift; sourceTree = "<group>"; };
		724EED0E2712F4AE00C33DA8 /* Clima_StartingKitApp.swift */ = {isa = PBXFileReference; lastKnownFileType = sourcecode.swift; path = Clima_StartingKitApp.swift; sourceTree = "<group>"; };
		724EED102712F4AE00C33DA8 /* ComplicationController.swift */ = {isa = PBXFileReference; lastKnownFileType = sourcecode.swift; path = ComplicationController.swift; sourceTree = "<group>"; };
		724EED122712F4AF00C33DA8 /* Assets.xcassets */ = {isa = PBXFileReference; lastKnownFileType = folder.assetcatalog; path = Assets.xcassets; sourceTree = "<group>"; };
		724EED152712F4AF00C33DA8 /* Preview Assets.xcassets */ = {isa = PBXFileReference; lastKnownFileType = folder.assetcatalog; path = "Preview Assets.xcassets"; sourceTree = "<group>"; };
		724EED172712F4AF00C33DA8 /* Info.plist */ = {isa = PBXFileReference; lastKnownFileType = text.plist.xml; path = Info.plist; sourceTree = "<group>"; };
		D0517ACE26F752A200E4D2F9 /* Clima-StartingKit.app */ = {isa = PBXFileReference; explicitFileType = wrapper.application; includeInIndex = 0; path = "Clima-StartingKit.app"; sourceTree = BUILT_PRODUCTS_DIR; };
		D0517AD126F752A200E4D2F9 /* Clima_StartingKitApp.swift */ = {isa = PBXFileReference; lastKnownFileType = sourcecode.swift; path = Clima_StartingKitApp.swift; sourceTree = "<group>"; };
		D0517AD326F752A200E4D2F9 /* WeatherView.swift */ = {isa = PBXFileReference; lastKnownFileType = sourcecode.swift; path = WeatherView.swift; sourceTree = "<group>"; };
		D0517AD526F752A400E4D2F9 /* Assets.xcassets */ = {isa = PBXFileReference; lastKnownFileType = folder.assetcatalog; path = Assets.xcassets; sourceTree = "<group>"; };
		D0517AD826F752A400E4D2F9 /* Preview Assets.xcassets */ = {isa = PBXFileReference; lastKnownFileType = folder.assetcatalog; path = "Preview Assets.xcassets"; sourceTree = "<group>"; };
		D0517AE326F752F700E4D2F9 /* Endpoint.swift */ = {isa = PBXFileReference; lastKnownFileType = sourcecode.swift; path = Endpoint.swift; sourceTree = "<group>"; };
		D0517AE526F7560E00E4D2F9 /* WeatherData.swift */ = {isa = PBXFileReference; lastKnownFileType = sourcecode.swift; path = WeatherData.swift; sourceTree = "<group>"; };
		D0517AE726F759B100E4D2F9 /* WeatherCondition.swift */ = {isa = PBXFileReference; lastKnownFileType = sourcecode.swift; path = WeatherCondition.swift; sourceTree = "<group>"; };
		D0517AE926F75A6E00E4D2F9 /* DataService.swift */ = {isa = PBXFileReference; lastKnownFileType = sourcecode.swift; path = DataService.swift; sourceTree = "<group>"; };
		D0517AEB26F75D9E00E4D2F9 /* NetworkError.swift */ = {isa = PBXFileReference; lastKnownFileType = sourcecode.swift; path = NetworkError.swift; sourceTree = "<group>"; };
		D0517AED26F7674D00E4D2F9 /* WeatherViewModel.swift */ = {isa = PBXFileReference; lastKnownFileType = sourcecode.swift; path = WeatherViewModel.swift; sourceTree = "<group>"; };
		D0DD7C4926FA663100BBDA4C /* Info.plist */ = {isa = PBXFileReference; lastKnownFileType = text.plist; path = Info.plist; sourceTree = "<group>"; };
/* End PBXFileReference section */

/* Begin PBXFrameworksBuildPhase section */
		724EED042712F4AE00C33DA8 /* Frameworks */ = {
			isa = PBXFrameworksBuildPhase;
			buildActionMask = 2147483647;
			files = (
			);
			runOnlyForDeploymentPostprocessing = 0;
		};
		D0517ACB26F752A200E4D2F9 /* Frameworks */ = {
			isa = PBXFrameworksBuildPhase;
			buildActionMask = 2147483647;
			files = (
			);
			runOnlyForDeploymentPostprocessing = 0;
		};
/* End PBXFrameworksBuildPhase section */

/* Begin PBXGroup section */
		724EED002712F4AC00C33DA8 /* DoINeedUmbrella */ = {
			isa = PBXGroup;
			children = (
				724EED012712F4AE00C33DA8 /* Assets.xcassets */,
			);
			path = DoINeedUmbrella;
			sourceTree = "<group>";
		};
		724EED0B2712F4AE00C33DA8 /* DoINeedUmbrella WatchKit Extension */ = {
			isa = PBXGroup;
			children = (
				724EED0C2712F4AE00C33DA8 /* ContentView.swift */,
				724EED0E2712F4AE00C33DA8 /* Clima_StartingKitApp.swift */,
				724EED102712F4AE00C33DA8 /* ComplicationController.swift */,
				724EED122712F4AF00C33DA8 /* Assets.xcassets */,
				724EED172712F4AF00C33DA8 /* Info.plist */,
				724EED142712F4AF00C33DA8 /* Preview Content */,
			);
			path = "DoINeedUmbrella WatchKit Extension";
			sourceTree = "<group>";
		};
		724EED142712F4AF00C33DA8 /* Preview Content */ = {
			isa = PBXGroup;
			children = (
				724EED152712F4AF00C33DA8 /* Preview Assets.xcassets */,
			);
			path = "Preview Content";
			sourceTree = "<group>";
		};
		D0517AC526F752A200E4D2F9 = {
			isa = PBXGroup;
			children = (
				D0517AD026F752A200E4D2F9 /* Clima-StartingKit */,
				724EED002712F4AC00C33DA8 /* DoINeedUmbrella */,
				724EED0B2712F4AE00C33DA8 /* DoINeedUmbrella WatchKit Extension */,
				D0517ACF26F752A200E4D2F9 /* Products */,
			);
			sourceTree = "<group>";
		};
		D0517ACF26F752A200E4D2F9 /* Products */ = {
			isa = PBXGroup;
			children = (
				D0517ACE26F752A200E4D2F9 /* Clima-StartingKit.app */,
				724EECFF2712F4AC00C33DA8 /* DoINeedUmbrella.app */,
				724EED072712F4AE00C33DA8 /* DoINeedUmbrella WatchKit Extension.appex */,
			);
			name = Products;
			sourceTree = "<group>";
		};
		D0517AD026F752A200E4D2F9 /* Clima-StartingKit */ = {
			isa = PBXGroup;
			children = (
				D0DD7C4926FA663100BBDA4C /* Info.plist */,
				D0517AE226F752E900E4D2F9 /* DataService */,
				D0517AE126F752C800E4D2F9 /* ViewModel */,
				D0517AE026F752C200E4D2F9 /* View */,
				D0517ADF26F752B500E4D2F9 /* Model */,
				D0517AD126F752A200E4D2F9 /* Clima_StartingKitApp.swift */,
				D0517AD526F752A400E4D2F9 /* Assets.xcassets */,
				D0517AD726F752A400E4D2F9 /* Preview Content */,
			);
			path = "Clima-StartingKit";
			sourceTree = "<group>";
		};
		D0517AD726F752A400E4D2F9 /* Preview Content */ = {
			isa = PBXGroup;
			children = (
				D0517AD826F752A400E4D2F9 /* Preview Assets.xcassets */,
			);
			path = "Preview Content";
			sourceTree = "<group>";
		};
		D0517ADF26F752B500E4D2F9 /* Model */ = {
			isa = PBXGroup;
			children = (
				D0517AE526F7560E00E4D2F9 /* WeatherData.swift */,
				D0517AE726F759B100E4D2F9 /* WeatherCondition.swift */,
			);
			path = Model;
			sourceTree = "<group>";
		};
		D0517AE026F752C200E4D2F9 /* View */ = {
			isa = PBXGroup;
			children = (
				D0517AD326F752A200E4D2F9 /* WeatherView.swift */,
			);
			path = View;
			sourceTree = "<group>";
		};
		D0517AE126F752C800E4D2F9 /* ViewModel */ = {
			isa = PBXGroup;
			children = (
				D0517AED26F7674D00E4D2F9 /* WeatherViewModel.swift */,
			);
			path = ViewModel;
			sourceTree = "<group>";
		};
		D0517AE226F752E900E4D2F9 /* DataService */ = {
			isa = PBXGroup;
			children = (
				D0517AE326F752F700E4D2F9 /* Endpoint.swift */,
				D0517AE926F75A6E00E4D2F9 /* DataService.swift */,
				D0517AEB26F75D9E00E4D2F9 /* NetworkError.swift */,
			);
			path = DataService;
			sourceTree = "<group>";
		};
/* End PBXGroup section */

/* Begin PBXNativeTarget section */
		724EECFE2712F4AC00C33DA8 /* DoINeedUmbrella */ = {
			isa = PBXNativeTarget;
			buildConfigurationList = 724EED222712F4AF00C33DA8 /* Build configuration list for PBXNativeTarget "DoINeedUmbrella" */;
			buildPhases = (
				724EECFD2712F4AC00C33DA8 /* Resources */,
				724EED1E2712F4AF00C33DA8 /* Embed App Extensions */,
			);
			buildRules = (
			);
			dependencies = (
				724EED0A2712F4AE00C33DA8 /* PBXTargetDependency */,
			);
			name = DoINeedUmbrella;
			productName = DoINeedUmbrella;
			productReference = 724EECFF2712F4AC00C33DA8 /* DoINeedUmbrella.app */;
			productType = "com.apple.product-type.application.watchapp2";
		};
		724EED062712F4AE00C33DA8 /* DoINeedUmbrella WatchKit Extension */ = {
			isa = PBXNativeTarget;
			buildConfigurationList = 724EED212712F4AF00C33DA8 /* Build configuration list for PBXNativeTarget "DoINeedUmbrella WatchKit Extension" */;
			buildPhases = (
				724EED032712F4AE00C33DA8 /* Sources */,
				724EED042712F4AE00C33DA8 /* Frameworks */,
				724EED052712F4AE00C33DA8 /* Resources */,
			);
			buildRules = (
			);
			dependencies = (
			);
			name = "DoINeedUmbrella WatchKit Extension";
			productName = "DoINeedUmbrella WatchKit Extension";
			productReference = 724EED072712F4AE00C33DA8 /* DoINeedUmbrella WatchKit Extension.appex */;
			productType = "com.apple.product-type.watchkit2-extension";
		};
		D0517ACD26F752A200E4D2F9 /* Clima-StartingKit */ = {
			isa = PBXNativeTarget;
			buildConfigurationList = D0517ADC26F752A400E4D2F9 /* Build configuration list for PBXNativeTarget "Clima-StartingKit" */;
			buildPhases = (
				D0517ACA26F752A200E4D2F9 /* Sources */,
				D0517ACB26F752A200E4D2F9 /* Frameworks */,
				D0517ACC26F752A200E4D2F9 /* Resources */,
				724EED1B2712F4AF00C33DA8 /* Embed Watch Content */,
			);
			buildRules = (
			);
			dependencies = (
				724EED192712F4AF00C33DA8 /* PBXTargetDependency */,
			);
			name = "Clima-StartingKit";
			productName = "Clima-StartingKit";
			productReference = D0517ACE26F752A200E4D2F9 /* Clima-StartingKit.app */;
			productType = "com.apple.product-type.application";
		};
/* End PBXNativeTarget section */

/* Begin PBXProject section */
		D0517AC626F752A200E4D2F9 /* Project object */ = {
			isa = PBXProject;
			attributes = {
				BuildIndependentTargetsInParallel = 1;
				LastSwiftUpdateCheck = 1300;
				LastUpgradeCheck = 1300;
				TargetAttributes = {
					724EECFE2712F4AC00C33DA8 = {
						CreatedOnToolsVersion = 13.0;
					};
					724EED062712F4AE00C33DA8 = {
						CreatedOnToolsVersion = 13.0;
					};
					D0517ACD26F752A200E4D2F9 = {
						CreatedOnToolsVersion = 13.0;
					};
				};
			};
			buildConfigurationList = D0517AC926F752A200E4D2F9 /* Build configuration list for PBXProject "Clima-StartingKit" */;
			compatibilityVersion = "Xcode 13.0";
			developmentRegion = en;
			hasScannedForEncodings = 0;
			knownRegions = (
				en,
				Base,
			);
			mainGroup = D0517AC526F752A200E4D2F9;
			productRefGroup = D0517ACF26F752A200E4D2F9 /* Products */;
			projectDirPath = "";
			projectRoot = "";
			targets = (
				D0517ACD26F752A200E4D2F9 /* Clima-StartingKit */,
				724EECFE2712F4AC00C33DA8 /* DoINeedUmbrella */,
				724EED062712F4AE00C33DA8 /* DoINeedUmbrella WatchKit Extension */,
			);
		};
/* End PBXProject section */

/* Begin PBXResourcesBuildPhase section */
		724EECFD2712F4AC00C33DA8 /* Resources */ = {
			isa = PBXResourcesBuildPhase;
			buildActionMask = 2147483647;
			files = (
				724EED022712F4AE00C33DA8 /* Assets.xcassets in Resources */,
			);
			runOnlyForDeploymentPostprocessing = 0;
		};
		724EED052712F4AE00C33DA8 /* Resources */ = {
			isa = PBXResourcesBuildPhase;
			buildActionMask = 2147483647;
			files = (
				724EED162712F4AF00C33DA8 /* Preview Assets.xcassets in Resources */,
				724EED132712F4AF00C33DA8 /* Assets.xcassets in Resources */,
			);
			runOnlyForDeploymentPostprocessing = 0;
		};
		D0517ACC26F752A200E4D2F9 /* Resources */ = {
			isa = PBXResourcesBuildPhase;
			buildActionMask = 2147483647;
			files = (
				D0517AD926F752A400E4D2F9 /* Preview Assets.xcassets in Resources */,
				D0517AD626F752A400E4D2F9 /* Assets.xcassets in Resources */,
			);
			runOnlyForDeploymentPostprocessing = 0;
		};
/* End PBXResourcesBuildPhase section */

/* Begin PBXSourcesBuildPhase section */
		724EED032712F4AE00C33DA8 /* Sources */ = {
			isa = PBXSourcesBuildPhase;
			buildActionMask = 2147483647;
			files = (
				724EED0D2712F4AE00C33DA8 /* ContentView.swift in Sources */,
				724EED0F2712F4AE00C33DA8 /* Clima_StartingKitApp.swift in Sources */,
				724EED112712F4AE00C33DA8 /* ComplicationController.swift in Sources */,
			);
			runOnlyForDeploymentPostprocessing = 0;
		};
		D0517ACA26F752A200E4D2F9 /* Sources */ = {
			isa = PBXSourcesBuildPhase;
			buildActionMask = 2147483647;
			files = (
				D0517AD426F752A200E4D2F9 /* WeatherView.swift in Sources */,
				D0517AEC26F75D9E00E4D2F9 /* NetworkError.swift in Sources */,
				D0517AE426F752F700E4D2F9 /* Endpoint.swift in Sources */,
				D0517AE626F7560E00E4D2F9 /* WeatherData.swift in Sources */,
				D0517AEA26F75A6E00E4D2F9 /* DataService.swift in Sources */,
				D0517AEE26F7674D00E4D2F9 /* WeatherViewModel.swift in Sources */,
				D0517AD226F752A200E4D2F9 /* Clima_StartingKitApp.swift in Sources */,
				D0517AE826F759B100E4D2F9 /* WeatherCondition.swift in Sources */,
			);
			runOnlyForDeploymentPostprocessing = 0;
		};
/* End PBXSourcesBuildPhase section */

/* Begin PBXTargetDependency section */
		724EED0A2712F4AE00C33DA8 /* PBXTargetDependency */ = {
			isa = PBXTargetDependency;
			target = 724EED062712F4AE00C33DA8 /* DoINeedUmbrella WatchKit Extension */;
			targetProxy = 724EED092712F4AE00C33DA8 /* PBXContainerItemProxy */;
		};
		724EED192712F4AF00C33DA8 /* PBXTargetDependency */ = {
			isa = PBXTargetDependency;
			target = 724EECFE2712F4AC00C33DA8 /* DoINeedUmbrella */;
			targetProxy = 724EED182712F4AF00C33DA8 /* PBXContainerItemProxy */;
		};
/* End PBXTargetDependency section */

/* Begin XCBuildConfiguration section */
		724EED1C2712F4AF00C33DA8 /* Debug */ = {
			isa = XCBuildConfiguration;
			buildSettings = {
				ALWAYS_EMBED_SWIFT_STANDARD_LIBRARIES = YES;
				ASSETCATALOG_COMPILER_APPICON_NAME = AppIcon;
				ASSETCATALOG_COMPILER_GLOBAL_ACCENT_COLOR_NAME = AccentColor;
				CODE_SIGN_STYLE = Automatic;
				CURRENT_PROJECT_VERSION = 1;
				DEVELOPMENT_TEAM = 282GM4A2S4;
				GENERATE_INFOPLIST_FILE = YES;
				IBSC_MODULE = DoINeedUmbrella_WatchKit_Extension;
				INFOPLIST_KEY_CFBundleDisplayName = DoINeedUmbrella;
				INFOPLIST_KEY_UISupportedInterfaceOrientations = "UIInterfaceOrientationPortrait UIInterfaceOrientationPortraitUpsideDown";
				INFOPLIST_KEY_WKCompanionAppBundleIdentifier = "no.kristiania.instructor.Clima-StartingKit";
				MARKETING_VERSION = 1.0;
				PRODUCT_BUNDLE_IDENTIFIER = "no.kristiania.instructor.Clima-StartingKit.watchkitapp";
				PRODUCT_NAME = "$(TARGET_NAME)";
				SDKROOT = watchos;
				SKIP_INSTALL = YES;
				SWIFT_EMIT_LOC_STRINGS = YES;
				SWIFT_VERSION = 5.0;
				TARGETED_DEVICE_FAMILY = 4;
				WATCHOS_DEPLOYMENT_TARGET = 8.0;
			};
			name = Debug;
		};
		724EED1D2712F4AF00C33DA8 /* Release */ = {
			isa = XCBuildConfiguration;
			buildSettings = {
				ALWAYS_EMBED_SWIFT_STANDARD_LIBRARIES = YES;
				ASSETCATALOG_COMPILER_APPICON_NAME = AppIcon;
				ASSETCATALOG_COMPILER_GLOBAL_ACCENT_COLOR_NAME = AccentColor;
				CODE_SIGN_STYLE = Automatic;
				CURRENT_PROJECT_VERSION = 1;
				DEVELOPMENT_TEAM = 282GM4A2S4;
				GENERATE_INFOPLIST_FILE = YES;
				IBSC_MODULE = DoINeedUmbrella_WatchKit_Extension;
				INFOPLIST_KEY_CFBundleDisplayName = DoINeedUmbrella;
				INFOPLIST_KEY_UISupportedInterfaceOrientations = "UIInterfaceOrientationPortrait UIInterfaceOrientationPortraitUpsideDown";
				INFOPLIST_KEY_WKCompanionAppBundleIdentifier = "no.kristiania.instructor.Clima-StartingKit";
				MARKETING_VERSION = 1.0;
				PRODUCT_BUNDLE_IDENTIFIER = "no.kristiania.instructor.Clima-StartingKit.watchkitapp";
				PRODUCT_NAME = "$(TARGET_NAME)";
				SDKROOT = watchos;
				SKIP_INSTALL = YES;
				SWIFT_EMIT_LOC_STRINGS = YES;
				SWIFT_VERSION = 5.0;
				TARGETED_DEVICE_FAMILY = 4;
				WATCHOS_DEPLOYMENT_TARGET = 8.0;
			};
			name = Release;
		};
		724EED1F2712F4AF00C33DA8 /* Debug */ = {
			isa = XCBuildConfiguration;
			buildSettings = {
				ASSETCATALOG_COMPILER_COMPLICATION_NAME = Complication;
				CODE_SIGN_STYLE = Automatic;
				CURRENT_PROJECT_VERSION = 1;
				DEVELOPMENT_ASSET_PATHS = "\"DoINeedUmbrella WatchKit Extension/Preview Content\"";
				DEVELOPMENT_TEAM = 282GM4A2S4;
				ENABLE_PREVIEWS = YES;
				GENERATE_INFOPLIST_FILE = YES;
				INFOPLIST_FILE = "DoINeedUmbrella WatchKit Extension/Info.plist";
				INFOPLIST_KEY_CFBundleDisplayName = "DoINeedUmbrella WatchKit Extension";
				INFOPLIST_KEY_CLKComplicationPrincipalClass = "$(PRODUCT_MODULE_NAME).ComplicationController";
				INFOPLIST_KEY_NSHumanReadableCopyright = "";
				LD_RUNPATH_SEARCH_PATHS = (
					"$(inherited)",
					"@executable_path/Frameworks",
					"@executable_path/../../Frameworks",
				);
				MARKETING_VERSION = 1.0;
				PRODUCT_BUNDLE_IDENTIFIER = "no.kristiania.instructor.Clima-StartingKit.watchkitapp.watchkitextension";
				PRODUCT_NAME = "${TARGET_NAME}";
				SDKROOT = watchos;
				SKIP_INSTALL = YES;
				SWIFT_EMIT_LOC_STRINGS = YES;
				SWIFT_VERSION = 5.0;
				TARGETED_DEVICE_FAMILY = 4;
				WATCHOS_DEPLOYMENT_TARGET = 8.0;
			};
			name = Debug;
		};
		724EED202712F4AF00C33DA8 /* Release */ = {
			isa = XCBuildConfiguration;
			buildSettings = {
				ASSETCATALOG_COMPILER_COMPLICATION_NAME = Complication;
				CODE_SIGN_STYLE = Automatic;
				CURRENT_PROJECT_VERSION = 1;
				DEVELOPMENT_ASSET_PATHS = "\"DoINeedUmbrella WatchKit Extension/Preview Content\"";
				DEVELOPMENT_TEAM = 282GM4A2S4;
				ENABLE_PREVIEWS = YES;
				GENERATE_INFOPLIST_FILE = YES;
				INFOPLIST_FILE = "DoINeedUmbrella WatchKit Extension/Info.plist";
				INFOPLIST_KEY_CFBundleDisplayName = "DoINeedUmbrella WatchKit Extension";
				INFOPLIST_KEY_CLKComplicationPrincipalClass = "$(PRODUCT_MODULE_NAME).ComplicationController";
				INFOPLIST_KEY_NSHumanReadableCopyright = "";
				LD_RUNPATH_SEARCH_PATHS = (
					"$(inherited)",
					"@executable_path/Frameworks",
					"@executable_path/../../Frameworks",
				);
				MARKETING_VERSION = 1.0;
				PRODUCT_BUNDLE_IDENTIFIER = "no.kristiania.instructor.Clima-StartingKit.watchkitapp.watchkitextension";
				PRODUCT_NAME = "${TARGET_NAME}";
				SDKROOT = watchos;
				SKIP_INSTALL = YES;
				SWIFT_EMIT_LOC_STRINGS = YES;
				SWIFT_VERSION = 5.0;
				TARGETED_DEVICE_FAMILY = 4;
				WATCHOS_DEPLOYMENT_TARGET = 8.0;
			};
			name = Release;
		};
		D0517ADA26F752A400E4D2F9 /* Debug */ = {
			isa = XCBuildConfiguration;
			buildSettings = {
				ALWAYS_SEARCH_USER_PATHS = NO;
				CLANG_ANALYZER_NONNULL = YES;
				CLANG_ANALYZER_NUMBER_OBJECT_CONVERSION = YES_AGGRESSIVE;
				CLANG_CXX_LANGUAGE_STANDARD = "gnu++17";
				CLANG_CXX_LIBRARY = "libc++";
				CLANG_ENABLE_MODULES = YES;
				CLANG_ENABLE_OBJC_ARC = YES;
				CLANG_ENABLE_OBJC_WEAK = YES;
				CLANG_WARN_BLOCK_CAPTURE_AUTORELEASING = YES;
				CLANG_WARN_BOOL_CONVERSION = YES;
				CLANG_WARN_COMMA = YES;
				CLANG_WARN_CONSTANT_CONVERSION = YES;
				CLANG_WARN_DEPRECATED_OBJC_IMPLEMENTATIONS = YES;
				CLANG_WARN_DIRECT_OBJC_ISA_USAGE = YES_ERROR;
				CLANG_WARN_DOCUMENTATION_COMMENTS = YES;
				CLANG_WARN_EMPTY_BODY = YES;
				CLANG_WARN_ENUM_CONVERSION = YES;
				CLANG_WARN_INFINITE_RECURSION = YES;
				CLANG_WARN_INT_CONVERSION = YES;
				CLANG_WARN_NON_LITERAL_NULL_CONVERSION = YES;
				CLANG_WARN_OBJC_IMPLICIT_RETAIN_SELF = YES;
				CLANG_WARN_OBJC_LITERAL_CONVERSION = YES;
				CLANG_WARN_OBJC_ROOT_CLASS = YES_ERROR;
				CLANG_WARN_QUOTED_INCLUDE_IN_FRAMEWORK_HEADER = YES;
				CLANG_WARN_RANGE_LOOP_ANALYSIS = YES;
				CLANG_WARN_STRICT_PROTOTYPES = YES;
				CLANG_WARN_SUSPICIOUS_MOVE = YES;
				CLANG_WARN_UNGUARDED_AVAILABILITY = YES_AGGRESSIVE;
				CLANG_WARN_UNREACHABLE_CODE = YES;
				CLANG_WARN__DUPLICATE_METHOD_MATCH = YES;
				COPY_PHASE_STRIP = NO;
				DEBUG_INFORMATION_FORMAT = dwarf;
				ENABLE_STRICT_OBJC_MSGSEND = YES;
				ENABLE_TESTABILITY = YES;
				GCC_C_LANGUAGE_STANDARD = gnu11;
				GCC_DYNAMIC_NO_PIC = NO;
				GCC_NO_COMMON_BLOCKS = YES;
				GCC_OPTIMIZATION_LEVEL = 0;
				GCC_PREPROCESSOR_DEFINITIONS = (
					"DEBUG=1",
					"$(inherited)",
				);
				GCC_WARN_64_TO_32_BIT_CONVERSION = YES;
				GCC_WARN_ABOUT_RETURN_TYPE = YES_ERROR;
				GCC_WARN_UNDECLARED_SELECTOR = YES;
				GCC_WARN_UNINITIALIZED_AUTOS = YES_AGGRESSIVE;
				GCC_WARN_UNUSED_FUNCTION = YES;
				GCC_WARN_UNUSED_VARIABLE = YES;
				IPHONEOS_DEPLOYMENT_TARGET = 15.0;
				MTL_ENABLE_DEBUG_INFO = INCLUDE_SOURCE;
				MTL_FAST_MATH = YES;
				ONLY_ACTIVE_ARCH = YES;
				SDKROOT = iphoneos;
				SWIFT_ACTIVE_COMPILATION_CONDITIONS = DEBUG;
				SWIFT_OPTIMIZATION_LEVEL = "-Onone";
			};
			name = Debug;
		};
		D0517ADB26F752A400E4D2F9 /* Release */ = {
			isa = XCBuildConfiguration;
			buildSettings = {
				ALWAYS_SEARCH_USER_PATHS = NO;
				CLANG_ANALYZER_NONNULL = YES;
				CLANG_ANALYZER_NUMBER_OBJECT_CONVERSION = YES_AGGRESSIVE;
				CLANG_CXX_LANGUAGE_STANDARD = "gnu++17";
				CLANG_CXX_LIBRARY = "libc++";
				CLANG_ENABLE_MODULES = YES;
				CLANG_ENABLE_OBJC_ARC = YES;
				CLANG_ENABLE_OBJC_WEAK = YES;
				CLANG_WARN_BLOCK_CAPTURE_AUTORELEASING = YES;
				CLANG_WARN_BOOL_CONVERSION = YES;
				CLANG_WARN_COMMA = YES;
				CLANG_WARN_CONSTANT_CONVERSION = YES;
				CLANG_WARN_DEPRECATED_OBJC_IMPLEMENTATIONS = YES;
				CLANG_WARN_DIRECT_OBJC_ISA_USAGE = YES_ERROR;
				CLANG_WARN_DOCUMENTATION_COMMENTS = YES;
				CLANG_WARN_EMPTY_BODY = YES;
				CLANG_WARN_ENUM_CONVERSION = YES;
				CLANG_WARN_INFINITE_RECURSION = YES;
				CLANG_WARN_INT_CONVERSION = YES;
				CLANG_WARN_NON_LITERAL_NULL_CONVERSION = YES;
				CLANG_WARN_OBJC_IMPLICIT_RETAIN_SELF = YES;
				CLANG_WARN_OBJC_LITERAL_CONVERSION = YES;
				CLANG_WARN_OBJC_ROOT_CLASS = YES_ERROR;
				CLANG_WARN_QUOTED_INCLUDE_IN_FRAMEWORK_HEADER = YES;
				CLANG_WARN_RANGE_LOOP_ANALYSIS = YES;
				CLANG_WARN_STRICT_PROTOTYPES = YES;
				CLANG_WARN_SUSPICIOUS_MOVE = YES;
				CLANG_WARN_UNGUARDED_AVAILABILITY = YES_AGGRESSIVE;
				CLANG_WARN_UNREACHABLE_CODE = YES;
				CLANG_WARN__DUPLICATE_METHOD_MATCH = YES;
				COPY_PHASE_STRIP = NO;
				DEBUG_INFORMATION_FORMAT = "dwarf-with-dsym";
				ENABLE_NS_ASSERTIONS = NO;
				ENABLE_STRICT_OBJC_MSGSEND = YES;
				GCC_C_LANGUAGE_STANDARD = gnu11;
				GCC_NO_COMMON_BLOCKS = YES;
				GCC_WARN_64_TO_32_BIT_CONVERSION = YES;
				GCC_WARN_ABOUT_RETURN_TYPE = YES_ERROR;
				GCC_WARN_UNDECLARED_SELECTOR = YES;
				GCC_WARN_UNINITIALIZED_AUTOS = YES_AGGRESSIVE;
				GCC_WARN_UNUSED_FUNCTION = YES;
				GCC_WARN_UNUSED_VARIABLE = YES;
				IPHONEOS_DEPLOYMENT_TARGET = 15.0;
				MTL_ENABLE_DEBUG_INFO = NO;
				MTL_FAST_MATH = YES;
				SDKROOT = iphoneos;
				SWIFT_COMPILATION_MODE = wholemodule;
				SWIFT_OPTIMIZATION_LEVEL = "-O";
				VALIDATE_PRODUCT = YES;
			};
			name = Release;
		};
		D0517ADD26F752A400E4D2F9 /* Debug */ = {
			isa = XCBuildConfiguration;
			buildSettings = {
				ASSETCATALOG_COMPILER_APPICON_NAME = AppIcon;
				ASSETCATALOG_COMPILER_GLOBAL_ACCENT_COLOR_NAME = AccentColor;
				CODE_SIGN_STYLE = Automatic;
				CURRENT_PROJECT_VERSION = 1;
				DEVELOPMENT_ASSET_PATHS = "\"Clima-StartingKit/Preview Content\"";
				DEVELOPMENT_TEAM = 282GM4A2S4;
				ENABLE_PREVIEWS = YES;
				GENERATE_INFOPLIST_FILE = YES;
				INFOPLIST_FILE = "Clima-StartingKit/Info.plist";
				INFOPLIST_KEY_CFBundleDisplayName = Clima;
				INFOPLIST_KEY_NSLocationWhenInUseUsageDescription = "We load your location to show the local weather";
				INFOPLIST_KEY_UIApplicationSceneManifest_Generation = YES;
				INFOPLIST_KEY_UIApplicationSupportsIndirectInputEvents = YES;
				INFOPLIST_KEY_UILaunchScreen_Generation = YES;
				INFOPLIST_KEY_UISupportedInterfaceOrientations_iPad = "UIInterfaceOrientationPortrait UIInterfaceOrientationPortraitUpsideDown UIInterfaceOrientationLandscapeLeft UIInterfaceOrientationLandscapeRight";
				INFOPLIST_KEY_UISupportedInterfaceOrientations_iPhone = "UIInterfaceOrientationPortrait UIInterfaceOrientationLandscapeLeft UIInterfaceOrientationLandscapeRight";
				IPHONEOS_DEPLOYMENT_TARGET = 14.0;
				LD_RUNPATH_SEARCH_PATHS = (
					"$(inherited)",
					"@executable_path/Frameworks",
				);
				MARKETING_VERSION = 1.0;
				PRODUCT_BUNDLE_IDENTIFIER = "no.kristiania.instructor.Clima-StartingKit";
				PRODUCT_NAME = "$(TARGET_NAME)";
				SWIFT_EMIT_LOC_STRINGS = YES;
				SWIFT_VERSION = 5.0;
				TARGETED_DEVICE_FAMILY = "1,2";
			};
			name = Debug;
		};
		D0517ADE26F752A400E4D2F9 /* Release */ = {
			isa = XCBuildConfiguration;
			buildSettings = {
				ASSETCATALOG_COMPILER_APPICON_NAME = AppIcon;
				ASSETCATALOG_COMPILER_GLOBAL_ACCENT_COLOR_NAME = AccentColor;
				CODE_SIGN_STYLE = Automatic;
				CURRENT_PROJECT_VERSION = 1;
				DEVELOPMENT_ASSET_PATHS = "\"Clima-StartingKit/Preview Content\"";
				DEVELOPMENT_TEAM = 282GM4A2S4;
				ENABLE_PREVIEWS = YES;
				GENERATE_INFOPLIST_FILE = YES;
				INFOPLIST_FILE = "Clima-StartingKit/Info.plist";
				INFOPLIST_KEY_CFBundleDisplayName = Clima;
				INFOPLIST_KEY_NSLocationWhenInUseUsageDescription = "We load your location to show the local weather";
				INFOPLIST_KEY_UIApplicationSceneManifest_Generation = YES;
				INFOPLIST_KEY_UIApplicationSupportsIndirectInputEvents = YES;
				INFOPLIST_KEY_UILaunchScreen_Generation = YES;
				INFOPLIST_KEY_UISupportedInterfaceOrientations_iPad = "UIInterfaceOrientationPortrait UIInterfaceOrientationPortraitUpsideDown UIInterfaceOrientationLandscapeLeft UIInterfaceOrientationLandscapeRight";
				INFOPLIST_KEY_UISupportedInterfaceOrientations_iPhone = "UIInterfaceOrientationPortrait UIInterfaceOrientationLandscapeLeft UIInterfaceOrientationLandscapeRight";
				IPHONEOS_DEPLOYMENT_TARGET = 14.0;
				LD_RUNPATH_SEARCH_PATHS = (
					"$(inherited)",
					"@executable_path/Frameworks",
				);
				MARKETING_VERSION = 1.0;
				PRODUCT_BUNDLE_IDENTIFIER = "no.kristiania.instructor.Clima-StartingKit";
				PRODUCT_NAME = "$(TARGET_NAME)";
				SWIFT_EMIT_LOC_STRINGS = YES;
				SWIFT_VERSION = 5.0;
				TARGETED_DEVICE_FAMILY = "1,2";
			};
			name = Release;
		};
/* End XCBuildConfiguration section */

/* Begin XCConfigurationList section */
		724EED212712F4AF00C33DA8 /* Build configuration list for PBXNativeTarget "DoINeedUmbrella WatchKit Extension" */ = {
			isa = XCConfigurationList;
			buildConfigurations = (
				724EED1F2712F4AF00C33DA8 /* Debug */,
				724EED202712F4AF00C33DA8 /* Release */,
			);
			defaultConfigurationIsVisible = 0;
			defaultConfigurationName = Release;
		};
		724EED222712F4AF00C33DA8 /* Build configuration list for PBXNativeTarget "DoINeedUmbrella" */ = {
			isa = XCConfigurationList;
			buildConfigurations = (
				724EED1C2712F4AF00C33DA8 /* Debug */,
				724EED1D2712F4AF00C33DA8 /* Release */,
			);
			defaultConfigurationIsVisible = 0;
			defaultConfigurationName = Release;
		};
		D0517AC926F752A200E4D2F9 /* Build configuration list for PBXProject "Clima-StartingKit" */ = {
			isa = XCConfigurationList;
			buildConfigurations = (
				D0517ADA26F752A400E4D2F9 /* Debug */,
				D0517ADB26F752A400E4D2F9 /* Release */,
			);
			defaultConfigurationIsVisible = 0;
			defaultConfigurationName = Release;
		};
		D0517ADC26F752A400E4D2F9 /* Build configuration list for PBXNativeTarget "Clima-StartingKit" */ = {
			isa = XCConfigurationList;
			buildConfigurations = (
				D0517ADD26F752A400E4D2F9 /* Debug */,
				D0517ADE26F752A400E4D2F9 /* Release */,
			);
			defaultConfigurationIsVisible = 0;
			defaultConfigurationName = Release;
		};
/* End XCConfigurationList section */
	};
	rootObject = D0517AC626F752A200E4D2F9 /* Project object */;
}
